
Microsoft Visual Studio Solution File, Format Version 12.00
# Visual Studio Version 16
VisualStudioVersion = 16.0.28803.202
MinimumVisualStudioVersion = 10.0.40219.1
Project("{9A19103F-16F7-4668-BE54-9A1E7A4F7556}") = "Mwh.Sample.Core.WebApi", "Mwh.Sample.Core.WebApi\Mwh.Sample.Core.WebApi.csproj", "{9802A220-5179-4858-B8F1-0F183C8E6D2E}"
EndProject
Project("{9A19103F-16F7-4668-BE54-9A1E7A4F7556}") = "Mwh.Sample.Core.Data", "Mwh.Sample.Core.Data\Mwh.Sample.Core.Data.csproj", "{E87BC8A4-A96C-46C8-BD00-B552F8B02DB3}"
EndProject
Project("{9A19103F-16F7-4668-BE54-9A1E7A4F7556}") = "Mwh.Sample.Core.Console", "Mwh.Sample.Core.Console\Mwh.Sample.Core.Console.csproj", "{4E4BE067-3159-4705-B093-E15063DCD4EB}"
EndProject
Project("{9A19103F-16F7-4668-BE54-9A1E7A4F7556}") = "Mwh.Sample.Client", "Mwh.Sample.Client\Mwh.Sample.Client.csproj", "{D6B562C0-46B9-44F8-8EAD-796B68C1F1E3}"
EndProject
Project("{9A19103F-16F7-4668-BE54-9A1E7A4F7556}") = "Mwh.Sample.Common", "Mwh.Sample.Common\Mwh.Sample.Common.csproj", "{2562BF72-3A90-4E7C-93EA-46A94434DC02}"
EndProject
Project("{2150E333-8FDC-42A3-9474-1A3956D46DE8}") = "Standard", "Standard", "{5BA6BEE1-1249-4AB0-8F3F-B619B781C1CD}"
EndProject
Project("{2150E333-8FDC-42A3-9474-1A3956D46DE8}") = "Net5.0", "Net5.0", "{64426EDF-804B-425B-90C3-E23CB31A15E6}"
EndProject
Project("{FAE04EC0-301F-11D3-BF4B-00C04F79EFBC}") = "Mwh.Sample.WebApi", "Mwh.Sample.WebApi\Mwh.Sample.WebApi.csproj", "{C2448DF1-D91B-4B36-8BB9-4F270239E5E5}"
EndProject
Project("{2150E333-8FDC-42A3-9474-1A3956D46DE8}") = "Framework", "Framework", "{ADB1128C-6ACB-4DB6-A40A-17FEAC0246D7}"
EndProject
Project("{9A19103F-16F7-4668-BE54-9A1E7A4F7556}") = "Mwh.Sample.SoapClient", "Mwh.Sample.SoapClient\Mwh.Sample.SoapClient.csproj", "{F88E8766-8EAF-4716-A2D6-1E9E428372E3}"
EndProject
Project("{FAE04EC0-301F-11D3-BF4B-00C04F79EFBC}") = "MvcFakes", "MvcFakes\MvcFakes.csproj", "{46D6E263-BE6C-4B23-ABF2-B174EADE40D9}"
EndProject
Project("{2150E333-8FDC-42A3-9474-1A3956D46DE8}") = "SolutionItems", "SolutionItems", "{3AA49F9B-1565-49F5-90C9-5E831B381ECA}"
	ProjectSection(SolutionItems) = preProject
		.gitignore = .gitignore
		CODE_OF_CONDUCT.md = CODE_OF_CONDUCT.md
		CONTRIBUTING.md = CONTRIBUTING.md
		nuget.config = nuget.config
		README.md = README.md
		SECURITY.md = SECURITY.md
	EndProjectSection
EndProject
Global
	GlobalSection(SolutionConfigurationPlatforms) = preSolution
		Debug|Any CPU = Debug|Any CPU
		Release|Any CPU = Release|Any CPU
	EndGlobalSection
	GlobalSection(ProjectConfigurationPlatforms) = postSolution
		{9802A220-5179-4858-B8F1-0F183C8E6D2E}.Debug|Any CPU.ActiveCfg = Debug|Any CPU
		{9802A220-5179-4858-B8F1-0F183C8E6D2E}.Debug|Any CPU.Build.0 = Debug|Any CPU
		{9802A220-5179-4858-B8F1-0F183C8E6D2E}.Release|Any CPU.ActiveCfg = Release|Any CPU
		{9802A220-5179-4858-B8F1-0F183C8E6D2E}.Release|Any CPU.Build.0 = Release|Any CPU
		{E87BC8A4-A96C-46C8-BD00-B552F8B02DB3}.Debug|Any CPU.ActiveCfg = Debug|Any CPU
		{E87BC8A4-A96C-46C8-BD00-B552F8B02DB3}.Debug|Any CPU.Build.0 = Debug|Any CPU
		{E87BC8A4-A96C-46C8-BD00-B552F8B02DB3}.Release|Any CPU.ActiveCfg = Release|Any CPU
		{E87BC8A4-A96C-46C8-BD00-B552F8B02DB3}.Release|Any CPU.Build.0 = Release|Any CPU
		{4E4BE067-3159-4705-B093-E15063DCD4EB}.Debug|Any CPU.ActiveCfg = Debug|Any CPU
		{4E4BE067-3159-4705-B093-E15063DCD4EB}.Debug|Any CPU.Build.0 = Debug|Any CPU
		{4E4BE067-3159-4705-B093-E15063DCD4EB}.Release|Any CPU.ActiveCfg = Release|Any CPU
		{4E4BE067-3159-4705-B093-E15063DCD4EB}.Release|Any CPU.Build.0 = Release|Any CPU
		{D6B562C0-46B9-44F8-8EAD-796B68C1F1E3}.Debug|Any CPU.ActiveCfg = Debug|Any CPU
		{D6B562C0-46B9-44F8-8EAD-796B68C1F1E3}.Debug|Any CPU.Build.0 = Debug|Any CPU
		{D6B562C0-46B9-44F8-8EAD-796B68C1F1E3}.Release|Any CPU.ActiveCfg = Release|Any CPU
		{D6B562C0-46B9-44F8-8EAD-796B68C1F1E3}.Release|Any CPU.Build.0 = Release|Any CPU
		{2562BF72-3A90-4E7C-93EA-46A94434DC02}.Debug|Any CPU.ActiveCfg = Debug|Any CPU
		{2562BF72-3A90-4E7C-93EA-46A94434DC02}.Debug|Any CPU.Build.0 = Debug|Any CPU
		{2562BF72-3A90-4E7C-93EA-46A94434DC02}.Release|Any CPU.ActiveCfg = Release|Any CPU
		{2562BF72-3A90-4E7C-93EA-46A94434DC02}.Release|Any CPU.Build.0 = Release|Any CPU
		{C2448DF1-D91B-4B36-8BB9-4F270239E5E5}.Debug|Any CPU.ActiveCfg = Debug|Any CPU
		{C2448DF1-D91B-4B36-8BB9-4F270239E5E5}.Debug|Any CPU.Build.0 = Debug|Any CPU
		{C2448DF1-D91B-4B36-8BB9-4F270239E5E5}.Release|Any CPU.ActiveCfg = Release|Any CPU
		{C2448DF1-D91B-4B36-8BB9-4F270239E5E5}.Release|Any CPU.Build.0 = Release|Any CPU
		{F88E8766-8EAF-4716-A2D6-1E9E428372E3}.Debug|Any CPU.ActiveCfg = Debug|Any CPU
		{F88E8766-8EAF-4716-A2D6-1E9E428372E3}.Debug|Any CPU.Build.0 = Debug|Any CPU
		{F88E8766-8EAF-4716-A2D6-1E9E428372E3}.Release|Any CPU.ActiveCfg = Release|Any CPU
		{F88E8766-8EAF-4716-A2D6-1E9E428372E3}.Release|Any CPU.Build.0 = Release|Any CPU
		{46D6E263-BE6C-4B23-ABF2-B174EADE40D9}.Debug|Any CPU.ActiveCfg = Debug|Any CPU
		{46D6E263-BE6C-4B23-ABF2-B174EADE40D9}.Debug|Any CPU.Build.0 = Debug|Any CPU
		{46D6E263-BE6C-4B23-ABF2-B174EADE40D9}.Release|Any CPU.ActiveCfg = Release|Any CPU
		{46D6E263-BE6C-4B23-ABF2-B174EADE40D9}.Release|Any CPU.Build.0 = Release|Any CPU
	EndGlobalSection
	GlobalSection(SolutionProperties) = preSolution
		HideSolutionNode = FALSE
	EndGlobalSection
	GlobalSection(NestedProjects) = preSolution
		{9802A220-5179-4858-B8F1-0F183C8E6D2E} = {64426EDF-804B-425B-90C3-E23CB31A15E6}
		{E87BC8A4-A96C-46C8-BD00-B552F8B02DB3} = {5BA6BEE1-1249-4AB0-8F3F-B619B781C1CD}
		{4E4BE067-3159-4705-B093-E15063DCD4EB} = {64426EDF-804B-425B-90C3-E23CB31A15E6}
		{D6B562C0-46B9-44F8-8EAD-796B68C1F1E3} = {5BA6BEE1-1249-4AB0-8F3F-B619B781C1CD}
		{2562BF72-3A90-4E7C-93EA-46A94434DC02} = {5BA6BEE1-1249-4AB0-8F3F-B619B781C1CD}
		{C2448DF1-D91B-4B36-8BB9-4F270239E5E5} = {ADB1128C-6ACB-4DB6-A40A-17FEAC0246D7}
		{F88E8766-8EAF-4716-A2D6-1E9E428372E3} = {5BA6BEE1-1249-4AB0-8F3F-B619B781C1CD}
		{46D6E263-BE6C-4B23-ABF2-B174EADE40D9} = {ADB1128C-6ACB-4DB6-A40A-17FEAC0246D7}
	EndGlobalSection
	GlobalSection(ExtensibilityGlobals) = postSolution
		SolutionGuid = {AE55042F-9B52-403E-A410-A9BE1A1A42B8}
	EndGlobalSection
EndGlobal
