
Microsoft Visual Studio Solution File, Format Version 12.00
# Visual Studio Version 17
VisualStudioVersion = 17.0.31815.197
MinimumVisualStudioVersion = 10.0.40219.1
Project("{9A19103F-16F7-4668-BE54-9A1E7A4F7556}") = "Mwh.Sample.Core.Data", "Mwh.Sample.Core.Data\Mwh.Sample.Core.Data.csproj", "{E87BC8A4-A96C-46C8-BD00-B552F8B02DB3}"
EndProject
Project("{9A19103F-16F7-4668-BE54-9A1E7A4F7556}") = "Mwh.Sample.Common", "Mwh.Sample.Common\Mwh.Sample.Common.csproj", "{2562BF72-3A90-4E7C-93EA-46A94434DC02}"
EndProject
Project("{9A19103F-16F7-4668-BE54-9A1E7A4F7556}") = "Mwh.Sample.Common.Tests", "Mwh.Sample.Common.Tests\Mwh.Sample.Common.Tests.csproj", "{676ADA33-1D60-48EA-B291-F2A1377A17DE}"
EndProject
Project("{9A19103F-16F7-4668-BE54-9A1E7A4F7556}") = "Mwh.Sample.Core.Data.Tests", "Mwh.Sample.Core.Data.Tests\Mwh.Sample.Core.Data.Tests.csproj", "{542673D6-E8BE-481E-A7AB-6BBE4C078917}"
EndProject
Project("{2150E333-8FDC-42A3-9474-1A3956D46DE8}") = "Solution Items", "Solution Items", "{81F1A38A-26C6-492B-8CC8-FF27EF98962E}"
	ProjectSection(SolutionItems) = preProject
		.editorconfig = .editorconfig
		.gitignore = .gitignore
		azure-pipelines.yml = azure-pipelines.yml
		CODE_OF_CONDUCT.md = CODE_OF_CONDUCT.md
		CONTRIBUTING.md = CONTRIBUTING.md
		nuget.config = nuget.config
		README.md = README.md
		SECURITY.md = SECURITY.md
	EndProjectSection
EndProject
Project("{9A19103F-16F7-4668-BE54-9A1E7A4F7556}") = "Mwh.SampleMvcCRUD", "Mwh.SampleMvcCRUD\Mwh.SampleMvcCRUD.csproj", "{B99BB42E-3407-4199-9367-71AE928348D4}"
EndProject
Global
	GlobalSection(SolutionConfigurationPlatforms) = preSolution
		Debug|Any CPU = Debug|Any CPU
		Release|Any CPU = Release|Any CPU
	EndGlobalSection
	GlobalSection(ProjectConfigurationPlatforms) = postSolution
		{E87BC8A4-A96C-46C8-BD00-B552F8B02DB3}.Debug|Any CPU.ActiveCfg = Debug|Any CPU
		{E87BC8A4-A96C-46C8-BD00-B552F8B02DB3}.Debug|Any CPU.Build.0 = Debug|Any CPU
		{E87BC8A4-A96C-46C8-BD00-B552F8B02DB3}.Release|Any CPU.ActiveCfg = Release|Any CPU
		{E87BC8A4-A96C-46C8-BD00-B552F8B02DB3}.Release|Any CPU.Build.0 = Release|Any CPU
		{2562BF72-3A90-4E7C-93EA-46A94434DC02}.Debug|Any CPU.ActiveCfg = Debug|Any CPU
		{2562BF72-3A90-4E7C-93EA-46A94434DC02}.Debug|Any CPU.Build.0 = Debug|Any CPU
		{2562BF72-3A90-4E7C-93EA-46A94434DC02}.Release|Any CPU.ActiveCfg = Release|Any CPU
		{2562BF72-3A90-4E7C-93EA-46A94434DC02}.Release|Any CPU.Build.0 = Release|Any CPU
		{676ADA33-1D60-48EA-B291-F2A1377A17DE}.Debug|Any CPU.ActiveCfg = Debug|Any CPU
		{676ADA33-1D60-48EA-B291-F2A1377A17DE}.Debug|Any CPU.Build.0 = Debug|Any CPU
		{676ADA33-1D60-48EA-B291-F2A1377A17DE}.Release|Any CPU.ActiveCfg = Release|Any CPU
		{676ADA33-1D60-48EA-B291-F2A1377A17DE}.Release|Any CPU.Build.0 = Release|Any CPU
		{542673D6-E8BE-481E-A7AB-6BBE4C078917}.Debug|Any CPU.ActiveCfg = Debug|Any CPU
		{542673D6-E8BE-481E-A7AB-6BBE4C078917}.Debug|Any CPU.Build.0 = Debug|Any CPU
		{542673D6-E8BE-481E-A7AB-6BBE4C078917}.Release|Any CPU.ActiveCfg = Release|Any CPU
		{542673D6-E8BE-481E-A7AB-6BBE4C078917}.Release|Any CPU.Build.0 = Release|Any CPU
		{B99BB42E-3407-4199-9367-71AE928348D4}.Debug|Any CPU.ActiveCfg = Debug|Any CPU
		{B99BB42E-3407-4199-9367-71AE928348D4}.Debug|Any CPU.Build.0 = Debug|Any CPU
		{B99BB42E-3407-4199-9367-71AE928348D4}.Release|Any CPU.ActiveCfg = Release|Any CPU
		{B99BB42E-3407-4199-9367-71AE928348D4}.Release|Any CPU.Build.0 = Release|Any CPU
	EndGlobalSection
	GlobalSection(SolutionProperties) = preSolution
		HideSolutionNode = FALSE
	EndGlobalSection
	GlobalSection(ExtensibilityGlobals) = postSolution
		SolutionGuid = {AE55042F-9B52-403E-A410-A9BE1A1A42B8}
	EndGlobalSection
EndGlobal
