
Microsoft Visual Studio Solution File, Format Version 12.00
# Visual Studio Version 16
VisualStudioVersion = 16.0.31129.286
MinimumVisualStudioVersion = 10.0.40219.1
Project("{FAE04EC0-301F-11D3-BF4B-00C04F79EFBC}") = "MvcFakes", "MvcFakes.csproj", "{46D6E263-BE6C-4B23-ABF2-B174EADE40D9}"
EndProject
Global
	GlobalSection(SolutionConfigurationPlatforms) = preSolution
		Debug|Any CPU = Debug|Any CPU
		Release|Any CPU = Release|Any CPU
	EndGlobalSection
	GlobalSection(ProjectConfigurationPlatforms) = postSolution
		{46D6E263-BE6C-4B23-ABF2-B174EADE40D9}.Debug|Any CPU.ActiveCfg = Debug|Any CPU
		{46D6E263-BE6C-4B23-ABF2-B174EADE40D9}.Debug|Any CPU.Build.0 = Debug|Any CPU
		{46D6E263-BE6C-4B23-ABF2-B174EADE40D9}.Release|Any CPU.ActiveCfg = Release|Any CPU
		{46D6E263-BE6C-4B23-ABF2-B174EADE40D9}.Release|Any CPU.Build.0 = Release|Any CPU
	EndGlobalSection
	GlobalSection(SolutionProperties) = preSolution
		HideSolutionNode = FALSE
	EndGlobalSection
	GlobalSection(ExtensibilityGlobals) = postSolution
		SolutionGuid = {59C7EB97-8831-4BF0-A292-48C5E278ABDB}
	EndGlobalSection
EndGlobal
